
Microsoft Visual Studio Solution File, Format Version 12.00
# Visual Studio 15
VisualStudioVersion = 15.0.28010.2050
MinimumVisualStudioVersion = 10.0.40219.1
Project("{8BC9CEB8-8B4A-11D0-8D11-00A0C91BC942}") = "Joystick", "Joystick\Joystick.vcxproj", "{8B784153-EE90-4C32-8CBC-136FA60CF1D3}"
EndProject
Global
	GlobalSection(SolutionConfigurationPlatforms) = preSolution
		Debug|x64 = Debug|x64
		Debug|x86 = Debug|x86
		Release|x64 = Release|x64
		Release|x86 = Release|x86
	EndGlobalSection
	GlobalSection(ProjectConfigurationPlatforms) = postSolution
		{8B784153-EE90-4C32-8CBC-136FA60CF1D3}.Debug|x64.ActiveCfg = Debug|x64
		{8B784153-EE90-4C32-8CBC-136FA60CF1D3}.Debug|x64.Build.0 = Debug|x64
		{8B784153-EE90-4C32-8CBC-136FA60CF1D3}.Debug|x86.ActiveCfg = Debug|Win32
		{8B784153-EE90-4C32-8CBC-136FA60CF1D3}.Debug|x86.Build.0 = Debug|Win32
		{8B784153-EE90-4C32-8CBC-136FA60CF1D3}.Release|x64.ActiveCfg = Release|x64
		{8B784153-EE90-4C32-8CBC-136FA60CF1D3}.Release|x64.Build.0 = Release|x64
		{8B784153-EE90-4C32-8CBC-136FA60CF1D3}.Release|x86.ActiveCfg = Release|Win32
		{8B784153-EE90-4C32-8CBC-136FA60CF1D3}.Release|x86.Build.0 = Release|Win32
	EndGlobalSection
	GlobalSection(SolutionProperties) = preSolution
		HideSolutionNode = FALSE
	EndGlobalSection
	GlobalSection(ExtensibilityGlobals) = postSolution
		SolutionGuid = {5CC40A02-666D-4B27-9647-4ED6948D350B}
	EndGlobalSection
EndGlobal
